
Microsoft Visual Studio Solution File, Format Version 11.00
# Visual Studio 2010
Project("{FAE04EC0-301F-11D3-BF4B-00C04F79EFBC}") = "DungeonCrawler", "Assembly-CSharp-Editor.csproj", "{62A3BE0B-0FA3-2613-4FA1-292949A40CCC}"
EndProject
Global
	GlobalSection(SolutionConfigurationPlatforms) = preSolution
		Debug|Any CPU = Debug|Any CPU
		Release|Any CPU = Release|Any CPU
	EndGlobalSection
	GlobalSection(ProjectConfigurationPlatforms) = postSolution
		{62A3BE0B-0FA3-2613-4FA1-292949A40CCC}.Debug|Any CPU.ActiveCfg = Debug|Any CPU
		{62A3BE0B-0FA3-2613-4FA1-292949A40CCC}.Debug|Any CPU.Build.0 = Debug|Any CPU
		{62A3BE0B-0FA3-2613-4FA1-292949A40CCC}.Release|Any CPU.ActiveCfg = Release|Any CPU
		{62A3BE0B-0FA3-2613-4FA1-292949A40CCC}.Release|Any CPU.Build.0 = Release|Any CPU
	EndGlobalSection
	GlobalSection(SolutionProperties) = preSolution
		HideSolutionNode = FALSE
	EndGlobalSection
	GlobalSection(MonoDevelopProperties) = preSolution
		StartupItem = Assembly-CSharp.csproj
	EndGlobalSection
EndGlobal
